// !$*UTF8*$!
{
	archiveVersion = 1;
	classes = {
	};
	objectVersion = 46;
	objects = {

/* Begin PBXBuildFile section */
		700A12221DC8DF7C0071FB9B /* AppDelegate.swift in Sources */ = {isa = PBXBuildFile; fileRef = 700A12211DC8DF7C0071FB9B /* AppDelegate.swift */; };
		700A12241DC8DF7C0071FB9B /* ViewController.swift in Sources */ = {isa = PBXBuildFile; fileRef = 700A12231DC8DF7C0071FB9B /* ViewController.swift */; };
		700A12271DC8DF7C0071FB9B /* Main.storyboard in Resources */ = {isa = PBXBuildFile; fileRef = 700A12251DC8DF7C0071FB9B /* Main.storyboard */; };
		700A12291DC8DF7C0071FB9B /* Assets.xcassets in Resources */ = {isa = PBXBuildFile; fileRef = 700A12281DC8DF7C0071FB9B /* Assets.xcassets */; };
		700A122C1DC8DF7C0071FB9B /* LaunchScreen.storyboard in Resources */ = {isa = PBXBuildFile; fileRef = 700A122A1DC8DF7C0071FB9B /* LaunchScreen.storyboard */; };
/* End PBXBuildFile section */

/* Begin PBXFileReference section */
		700A121E1DC8DF7B0071FB9B /* simple2ButtonApp.app */ = {isa = PBXFileReference; explicitFileType = wrapper.application; includeInIndex = 0; path = simple2ButtonApp.app; sourceTree = BUILT_PRODUCTS_DIR; };
		700A12211DC8DF7C0071FB9B /* AppDelegate.swift */ = {isa = PBXFileReference; lastKnownFileType = sourcecode.swift; path = AppDelegate.swift; sourceTree = "<group>"; };
		700A12231DC8DF7C0071FB9B /* ViewController.swift */ = {isa = PBXFileReference; lastKnownFileType = sourcecode.swift; path = ViewController.swift; sourceTree = "<group>"; };
		700A12261DC8DF7C0071FB9B /* Base */ = {isa = PBXFileReference; lastKnownFileType = file.storyboard; name = Base; path = Base.lproj/Main.storyboard; sourceTree = "<group>"; };
		700A12281DC8DF7C0071FB9B /* Assets.xcassets */ = {isa = PBXFileReference; lastKnownFileType = folder.assetcatalog; path = Assets.xcassets; sourceTree = "<group>"; };
		700A122B1DC8DF7C0071FB9B /* Base */ = {isa = PBXFileReference; lastKnownFileType = file.storyboard; name = Base; path = Base.lproj/LaunchScreen.storyboard; sourceTree = "<group>"; };
		700A122D1DC8DF7C0071FB9B /* Info.plist */ = {isa = PBXFileReference; lastKnownFileType = text.plist.xml; path = Info.plist; sourceTree = "<group>"; };
/* End PBXFileReference section */

/* Begin PBXFrameworksBuildPhase section */
		700A121B1DC8DF7B0071FB9B /* Frameworks */ = {
			isa = PBXFrameworksBuildPhase;
			buildActionMask = 2147483647;
			files = (
			);
			runOnlyForDeploymentPostprocessing = 0;
		};
/* End PBXFrameworksBuildPhase section */

/* Begin PBXGroup section */
		700A12151DC8DF7B0071FB9B = {
			isa = PBXGroup;
			children = (
				700A12201DC8DF7B0071FB9B /* simple2ButtonApp */,
				700A121F1DC8DF7B0071FB9B /* Products */,
			);
			sourceTree = "<group>";
		};
		700A121F1DC8DF7B0071FB9B /* Products */ = {
			isa = PBXGroup;
			children = (
				700A121E1DC8DF7B0071FB9B /* simple2ButtonApp.app */,
			);
			name = Products;
			sourceTree = "<group>";
		};
		700A12201DC8DF7B0071FB9B /* simple2ButtonApp */ = {
			isa = PBXGroup;
			children = (
				700A12211DC8DF7C0071FB9B /* AppDelegate.swift */,
				700A12231DC8DF7C0071FB9B /* ViewController.swift */,
				700A12251DC8DF7C0071FB9B /* Main.storyboard */,
				700A12281DC8DF7C0071FB9B /* Assets.xcassets */,
				700A122A1DC8DF7C0071FB9B /* LaunchScreen.storyboard */,
				700A122D1DC8DF7C0071FB9B /* Info.plist */,
			);
			path = simple2ButtonApp;
			sourceTree = "<group>";
		};
/* End PBXGroup section */

/* Begin PBXNativeTarget section */
		700A121D1DC8DF7B0071FB9B /* simple2ButtonApp */ = {
			isa = PBXNativeTarget;
			buildConfigurationList = 700A12301DC8DF7C0071FB9B /* Build configuration list for PBXNativeTarget "simple2ButtonApp" */;
			buildPhases = (
				700A121A1DC8DF7B0071FB9B /* Sources */,
				700A121B1DC8DF7B0071FB9B /* Frameworks */,
				700A121C1DC8DF7B0071FB9B /* Resources */,
			);
			buildRules = (
			);
			dependencies = (
			);
			name = simple2ButtonApp;
			productName = simple2ButtonApp;
			productReference = 700A121E1DC8DF7B0071FB9B /* simple2ButtonApp.app */;
			productType = "com.apple.product-type.application";
		};
/* End PBXNativeTarget section */

/* Begin PBXProject section */
		700A12161DC8DF7B0071FB9B /* Project object */ = {
			isa = PBXProject;
			attributes = {
				LastSwiftUpdateCheck = 0810;
				LastUpgradeCheck = 0810;
				ORGANIZATIONNAME = "Doug Wells";
				TargetAttributes = {
					700A121D1DC8DF7B0071FB9B = {
						CreatedOnToolsVersion = 8.1;
						DevelopmentTeam = 2S9F6RQJH8;
						ProvisioningStyle = Automatic;
					};
				};
			};
			buildConfigurationList = 700A12191DC8DF7B0071FB9B /* Build configuration list for PBXProject "simple2ButtonApp" */;
			compatibilityVersion = "Xcode 3.2";
			developmentRegion = English;
			hasScannedForEncodings = 0;
			knownRegions = (
				en,
				Base,
			);
			mainGroup = 700A12151DC8DF7B0071FB9B;
			productRefGroup = 700A121F1DC8DF7B0071FB9B /* Products */;
			projectDirPath = "";
			projectRoot = "";
			targets = (
				700A121D1DC8DF7B0071FB9B /* simple2ButtonApp */,
			);
		};
/* End PBXProject section */

/* Begin PBXResourcesBuildPhase section */
		700A121C1DC8DF7B0071FB9B /* Resources */ = {
			isa = PBXResourcesBuildPhase;
			buildActionMask = 2147483647;
			files = (
				700A122C1DC8DF7C0071FB9B /* LaunchScreen.storyboard in Resources */,
				700A12291DC8DF7C0071FB9B /* Assets.xcassets in Resources */,
				700A12271DC8DF7C0071FB9B /* Main.storyboard in Resources */,
			);
			runOnlyForDeploymentPostprocessing = 0;
		};
/* End PBXResourcesBuildPhase section */

/* Begin PBXSourcesBuildPhase section */
		700A121A1DC8DF7B0071FB9B /* Sources */ = {
			isa = PBXSourcesBuildPhase;
			buildActionMask = 2147483647;
			files = (
				700A12241DC8DF7C0071FB9B /* ViewController.swift in Sources */,
				700A12221DC8DF7C0071FB9B /* AppDelegate.swift in Sources */,
			);
			runOnlyForDeploymentPostprocessing = 0;
		};
/* End PBXSourcesBuildPhase section */

/* Begin PBXVariantGroup section */
		700A12251DC8DF7C0071FB9B /* Main.storyboard */ = {
			isa = PBXVariantGroup;
			children = (
				700A12261DC8DF7C0071FB9B /* Base */,
			);
			name = Main.storyboard;
			sourceTree = "<group>";
		};
		700A122A1DC8DF7C0071FB9B /* LaunchScreen.storyboard */ = {
			isa = PBXVariantGroup;
			children = (
				700A122B1DC8DF7C0071FB9B /* Base */,
			);
			name = LaunchScreen.storyboard;
			sourceTree = "<group>";
		};
/* End PBXVariantGroup section */

/* Begin XCBuildConfiguration section */
		700A122E1DC8DF7C0071FB9B /* Debug */ = {
			isa = XCBuildConfiguration;
			buildSettings = {
				ALWAYS_SEARCH_USER_PATHS = NO;
				CLANG_ANALYZER_NONNULL = YES;
				CLANG_CXX_LANGUAGE_STANDARD = "gnu++0x";
				CLANG_CXX_LIBRARY = "libc++";
				CLANG_ENABLE_MODULES = YES;
				CLANG_ENABLE_OBJC_ARC = YES;
				CLANG_WARN_BOOL_CONVERSION = YES;
				CLANG_WARN_CONSTANT_CONVERSION = YES;
				CLANG_WARN_DIRECT_OBJC_ISA_USAGE = YES_ERROR;
				CLANG_WARN_DOCUMENTATION_COMMENTS = YES;
				CLANG_WARN_EMPTY_BODY = YES;
				CLANG_WARN_ENUM_CONVERSION = YES;
				CLANG_WARN_INFINITE_RECURSION = YES;
				CLANG_WARN_INT_CONVERSION = YES;
				CLANG_WARN_OBJC_ROOT_CLASS = YES_ERROR;
				CLANG_WARN_SUSPICIOUS_MOVES = YES;
				CLANG_WARN_UNREACHABLE_CODE = YES;
				CLANG_WARN__DUPLICATE_METHOD_MATCH = YES;
				"CODE_SIGN_IDENTITY[sdk=iphoneos*]" = "iPhone Developer";
				COPY_PHASE_STRIP = NO;
				DEBUG_INFORMATION_FORMAT = dwarf;
				ENABLE_STRICT_OBJC_MSGSEND = YES;
				ENABLE_TESTABILITY = YES;
				GCC_C_LANGUAGE_STANDARD = gnu99;
				GCC_DYNAMIC_NO_PIC = NO;
				GCC_NO_COMMON_BLOCKS = YES;
				GCC_OPTIMIZATION_LEVEL = 0;
				GCC_PREPROCESSOR_DEFINITIONS = (
					"DEBUG=1",
					"$(inherited)",
				);
				GCC_WARN_64_TO_32_BIT_CONVERSION = YES;
				GCC_WARN_ABOUT_RETURN_TYPE = YES_ERROR;
				GCC_WARN_UNDECLARED_SELECTOR = YES;
				GCC_WARN_UNINITIALIZED_AUTOS = YES_AGGRESSIVE;
				GCC_WARN_UNUSED_FUNCTION = YES;
				GCC_WARN_UNUSED_VARIABLE = YES;
				IPHONEOS_DEPLOYMENT_TARGET = 10.1;
				MTL_ENABLE_DEBUG_INFO = YES;
				ONLY_ACTIVE_ARCH = YES;
				SDKROOT = iphoneos;
				SWIFT_ACTIVE_COMPILATION_CONDITIONS = DEBUG;
				SWIFT_OPTIMIZATION_LEVEL = "-Onone";
			};
			name = Debug;
		};
		700A122F1DC8DF7C0071FB9B /* Release */ = {
			isa = XCBuildConfiguration;
			buildSettings = {
				ALWAYS_SEARCH_USER_PATHS = NO;
				CLANG_ANALYZER_NONNULL = YES;
				CLANG_CXX_LANGUAGE_STANDARD = "gnu++0x";
				CLANG_CXX_LIBRARY = "libc++";
				CLANG_ENABLE_MODULES = YES;
				CLANG_ENABLE_OBJC_ARC = YES;
				CLANG_WARN_BOOL_CONVERSION = YES;
				CLANG_WARN_CONSTANT_CONVERSION = YES;
				CLANG_WARN_DIRECT_OBJC_ISA_USAGE = YES_ERROR;
				CLANG_WARN_DOCUMENTATION_COMMENTS = YES;
				CLANG_WARN_EMPTY_BODY = YES;
				CLANG_WARN_ENUM_CONVERSION = YES;
				CLANG_WARN_INFINITE_RECURSION = YES;
				CLANG_WARN_INT_CONVERSION = YES;
				CLANG_WARN_OBJC_ROOT_CLASS = YES_ERROR;
				CLANG_WARN_SUSPICIOUS_MOVES = YES;
				CLANG_WARN_UNREACHABLE_CODE = YES;
				CLANG_WARN__DUPLICATE_METHOD_MATCH = YES;
				"CODE_SIGN_IDENTITY[sdk=iphoneos*]" = "iPhone Developer";
				COPY_PHASE_STRIP = NO;
				DEBUG_INFORMATION_FORMAT = "dwarf-with-dsym";
				ENABLE_NS_ASSERTIONS = NO;
				ENABLE_STRICT_OBJC_MSGSEND = YES;
				GCC_C_LANGUAGE_STANDARD = gnu99;
				GCC_NO_COMMON_BLOCKS = YES;
				GCC_WARN_64_TO_32_BIT_CONVERSION = YES;
				GCC_WARN_ABOUT_RETURN_TYPE = YES_ERROR;
				GCC_WARN_UNDECLARED_SELECTOR = YES;
				GCC_WARN_UNINITIALIZED_AUTOS = YES_AGGRESSIVE;
				GCC_WARN_UNUSED_FUNCTION = YES;
				GCC_WARN_UNUSED_VARIABLE = YES;
				IPHONEOS_DEPLOYMENT_TARGET = 10.1;
				MTL_ENABLE_DEBUG_INFO = NO;
				SDKROOT = iphoneos;
				SWIFT_OPTIMIZATION_LEVEL = "-Owholemodule";
				VALIDATE_PRODUCT = YES;
			};
			name = Release;
		};
		700A12311DC8DF7C0071FB9B /* Debug */ = {
			isa = XCBuildConfiguration;
			buildSettings = {
				ASSETCATALOG_COMPILER_APPICON_NAME = AppIcon;
				DEVELOPMENT_TEAM = 2S9F6RQJH8;
				INFOPLIST_FILE = simple2ButtonApp/Info.plist;
				LD_RUNPATH_SEARCH_PATHS = "$(inherited) @executable_path/Frameworks";
				PRODUCT_BUNDLE_IDENTIFIER = ParkCityLabs.simple2ButtonApp;
				PRODUCT_NAME = "$(TARGET_NAME)";
				SWIFT_VERSION = 3.0;
			};
			name = Debug;
		};
		700A12321DC8DF7C0071FB9B /* Release */ = {
			isa = XCBuildConfiguration;
			buildSettings = {
				ASSETCATALOG_COMPILER_APPICON_NAME = AppIcon;
				DEVELOPMENT_TEAM = 2S9F6RQJH8;
				INFOPLIST_FILE = simple2ButtonApp/Info.plist;
				LD_RUNPATH_SEARCH_PATHS = "$(inherited) @executable_path/Frameworks";
				PRODUCT_BUNDLE_IDENTIFIER = ParkCityLabs.simple2ButtonApp;
				PRODUCT_NAME = "$(TARGET_NAME)";
				SWIFT_VERSION = 3.0;
			};
			name = Release;
		};
/* End XCBuildConfiguration section */

/* Begin XCConfigurationList section */
		700A12191DC8DF7B0071FB9B /* Build configuration list for PBXProject "simple2ButtonApp" */ = {
			isa = XCConfigurationList;
			buildConfigurations = (
				700A122E1DC8DF7C0071FB9B /* Debug */,
				700A122F1DC8DF7C0071FB9B /* Release */,
			);
			defaultConfigurationIsVisible = 0;
			defaultConfigurationName = Release;
		};
		700A12301DC8DF7C0071FB9B /* Build configuration list for PBXNativeTarget "simple2ButtonApp" */ = {
			isa = XCConfigurationList;
			buildConfigurations = (
				700A12311DC8DF7C0071FB9B /* Debug */,
				700A12321DC8DF7C0071FB9B /* Release */,
			);
			defaultConfigurationIsVisible = 0;
		};
/* End XCConfigurationList section */
	};
	rootObject = 700A12161DC8DF7B0071FB9B /* Project object */;
}
